
Microsoft Visual Studio Solution File, Format Version 12.00
# Visual Studio 15
VisualStudioVersion = 15.0.28307.329
MinimumVisualStudioVersion = 10.0.40219.1
Project("{FAE04EC0-301F-11D3-BF4B-00C04F79EFBC}") = "Group_I_M32COM", "Group_I_M32COM\Group_I_M32COM.csproj", "{102B34CE-B147-478B-810B-0C1477D1D3A6}"
EndProject
Global
	GlobalSection(SolutionConfigurationPlatforms) = preSolution
		Debug|Any CPU = Debug|Any CPU
		Release|Any CPU = Release|Any CPU
	EndGlobalSection
	GlobalSection(ProjectConfigurationPlatforms) = postSolution
		{102B34CE-B147-478B-810B-0C1477D1D3A6}.Debug|Any CPU.ActiveCfg = Debug|Any CPU
		{102B34CE-B147-478B-810B-0C1477D1D3A6}.Debug|Any CPU.Build.0 = Debug|Any CPU
		{102B34CE-B147-478B-810B-0C1477D1D3A6}.Release|Any CPU.ActiveCfg = Release|Any CPU
		{102B34CE-B147-478B-810B-0C1477D1D3A6}.Release|Any CPU.Build.0 = Release|Any CPU
	EndGlobalSection
	GlobalSection(SolutionProperties) = preSolution
		HideSolutionNode = FALSE
	EndGlobalSection
	GlobalSection(ExtensibilityGlobals) = postSolution
		SolutionGuid = {84BF1801-7AA1-4C61-A880-AF97E3FB46F4}
	EndGlobalSection
EndGlobal
